{
  "version": 4,
  "terraform_version": "1.2.5",
  "serial": 0,
  "lineage": "10a95054-4eea-8734-470f-e271d42417b5",
  "outputs": {},
  "resources": [
    {
      "mode": "data",
      "type": "archive_file",
      "name": "zip_the_python_code",
      "provider": "provider[\"registry.terraform.io/hashicorp/archive\"]",
      "instances": [
        {
          "schema_version": 0,
          "attributes": {
            "exclude_symlink_directories": null,
            "excludes": null,
            "id": "085a305f72c8c762b1a8841aacd5018138e0bcc5",
            "output_base64sha256": "J2W7SHQRyelFyElJvd8gzw13BQKf/noVWaedpI8qNwk=",
            "output_base64sha512": "SsoNKtP1JChNTQsg+uv0/ELXQiw9vCHflGTwobxXCGY1DLoTOGJAmt6ARfyASB0DsxeCEvyrDTou4Q5DIsv8Hg==",
            "output_file_mode": null,
            "output_md5": "a669b7a6e1e4a9111b480fa4a4202c08",
            "output_path": "./lambda/lambda_function.zip",
            "output_sha": "085a305f72c8c762b1a8841aacd5018138e0bcc5",
            "output_sha256": "2765bb487411c9e945c84949bddf20cf0d7705029ffe7a1559a79da48f2a3709",
            "output_sha512": "4aca0d2ad3f524284d4d0b20faebf4fc42d7422c3dbc21df9464f0a1bc570866350cba133862409ade8045fc80481d03b3178212fcab0d3a2ee10e4322cbfc1e",
            "output_size": 923,
            "source": [],
            "source_content": null,
            "source_content_filename": null,
            "source_dir": "./lambda/",
            "source_file": null,
            "type": "zip"
          },
          "sensitive_attributes": []
        }
      ]
    },
    {
      "mode": "managed",
      "type": "aws_apigatewayv2_api",
      "name": "lambda",
      "provider": "provider[\"registry.terraform.io/hashicorp/aws\"]",
      "instances": [
        {
          "schema_version": 0,
          "attributes": {
            "api_endpoint": "https://tii433cv2h.execute-api.eu-west-2.amazonaws.com",
            "api_key_selection_expression": "$request.header.x-api-key",
            "arn": "arn:aws:apigateway:eu-west-2::/apis/tii433cv2h",
            "body": null,
            "cors_configuration": [
              {
                "allow_credentials": false,
                "allow_headers": null,
                "allow_methods": null,
                "allow_origins": [
                  "https://devtej.com"
                ],
                "expose_headers": null,
                "max_age": 0
              }
            ],
            "credentials_arn": null,
            "description": "Visitor count for Cloud Resume Challenge",
            "disable_execute_api_endpoint": false,
            "execution_arn": "arn:aws:execute-api:eu-west-2:662406500657:tii433cv2h",
            "fail_on_warnings": null,
            "id": "tii433cv2h",
            "name": "visitor_count_CRC",
            "protocol_type": "HTTP",
            "route_key": null,
            "route_selection_expression": "$request.method $request.path",
            "tags": null,
            "tags_all": {},
            "target": null,
            "version": ""
          },
          "sensitive_attributes": [],
          "private": "bnVsbA=="
        }
      ]
    },
    {
      "mode": "managed",
      "type": "aws_apigatewayv2_integration",
      "name": "terraform_lambda_func",
      "provider": "provider[\"registry.terraform.io/hashicorp/aws\"]",
      "instances": []
    },
    {
      "mode": "managed",
      "type": "aws_apigatewayv2_route",
      "name": "terraform_lambda_func",
      "provider": "provider[\"registry.terraform.io/hashicorp/aws\"]",
      "instances": []
    },
    {
      "mode": "managed",
      "type": "aws_apigatewayv2_stage",
      "name": "lambda",
      "provider": "provider[\"registry.terraform.io/hashicorp/aws\"]",
      "instances": []
    },
    {
      "mode": "managed",
      "type": "aws_dynamodb_table_item",
      "name": "visitor_count_ddb",
      "provider": "provider[\"registry.terraform.io/hashicorp/aws\"]",
      "instances": []
    },
    {
      "mode": "managed",
      "type": "aws_iam_role_policy_attachment",
      "name": "attach_iam_policy_to_iam_role",
      "provider": "provider[\"registry.terraform.io/hashicorp/aws\"]",
      "instances": []
    },
    {
      "mode": "managed",
      "type": "aws_lambda_function",
      "name": "terraform_lambda_func",
      "provider": "provider[\"registry.terraform.io/hashicorp/aws\"]",
      "instances": []
    },
    {
      "mode": "managed",
      "type": "aws_lambda_permission",
      "name": "api_gw",
      "provider": "provider[\"registry.terraform.io/hashicorp/aws\"]",
      "instances": []
    }
  ]
}
